// !$*UTF8*$!
{
	archiveVersion = 1;
	classes = {
	};
	objectVersion = 46;
	objects = {

/* Begin PBXBuildFile section */
		22BC17BF1BB855BC0029F23F /* ProfileCell.swift in Sources */ = {isa = PBXBuildFile; fileRef = 22BC17BE1BB855BC0029F23F /* ProfileCell.swift */; settings = {ASSET_TAGS = (); }; };
		22D0072F1BB5C20D00089B1D /* AppDelegate.swift in Sources */ = {isa = PBXBuildFile; fileRef = 22D0072E1BB5C20D00089B1D /* AppDelegate.swift */; };
		22D007311BB5C20D00089B1D /* ViewController.swift in Sources */ = {isa = PBXBuildFile; fileRef = 22D007301BB5C20D00089B1D /* ViewController.swift */; };
		22D007341BB5C20E00089B1D /* Main.storyboard in Resources */ = {isa = PBXBuildFile; fileRef = 22D007321BB5C20E00089B1D /* Main.storyboard */; };
		22D007361BB5C20E00089B1D /* Assets.xcassets in Resources */ = {isa = PBXBuildFile; fileRef = 22D007351BB5C20E00089B1D /* Assets.xcassets */; };
		22D007391BB5C20E00089B1D /* LaunchScreen.storyboard in Resources */ = {isa = PBXBuildFile; fileRef = 22D007371BB5C20E00089B1D /* LaunchScreen.storyboard */; };
		22D007411BB5C92A00089B1D /* Area.swift in Sources */ = {isa = PBXBuildFile; fileRef = 22D007401BB5C92A00089B1D /* Area.swift */; settings = {ASSET_TAGS = (); }; };
/* End PBXBuildFile section */

/* Begin PBXFileReference section */
		22BC17BE1BB855BC0029F23F /* ProfileCell.swift */ = {isa = PBXFileReference; fileEncoding = 4; lastKnownFileType = sourcecode.swift; path = ProfileCell.swift; sourceTree = "<group>"; };
		22D0072B1BB5C20D00089B1D /* 2DRectangularHeatConduction.app */ = {isa = PBXFileReference; explicitFileType = wrapper.application; includeInIndex = 0; path = 2DRectangularHeatConduction.app; sourceTree = BUILT_PRODUCTS_DIR; };
		22D0072E1BB5C20D00089B1D /* AppDelegate.swift */ = {isa = PBXFileReference; lastKnownFileType = sourcecode.swift; path = AppDelegate.swift; sourceTree = "<group>"; };
		22D007301BB5C20D00089B1D /* ViewController.swift */ = {isa = PBXFileReference; lastKnownFileType = sourcecode.swift; path = ViewController.swift; sourceTree = "<group>"; };
		22D007331BB5C20E00089B1D /* Base */ = {isa = PBXFileReference; lastKnownFileType = file.storyboard; name = Base; path = Base.lproj/Main.storyboard; sourceTree = "<group>"; };
		22D007351BB5C20E00089B1D /* Assets.xcassets */ = {isa = PBXFileReference; lastKnownFileType = folder.assetcatalog; path = Assets.xcassets; sourceTree = "<group>"; };
		22D007381BB5C20E00089B1D /* Base */ = {isa = PBXFileReference; lastKnownFileType = file.storyboard; name = Base; path = Base.lproj/LaunchScreen.storyboard; sourceTree = "<group>"; };
		22D0073A1BB5C20E00089B1D /* Info.plist */ = {isa = PBXFileReference; lastKnownFileType = text.plist.xml; path = Info.plist; sourceTree = "<group>"; };
		22D007401BB5C92A00089B1D /* Area.swift */ = {isa = PBXFileReference; fileEncoding = 4; lastKnownFileType = sourcecode.swift; path = Area.swift; sourceTree = "<group>"; };
/* End PBXFileReference section */

/* Begin PBXFrameworksBuildPhase section */
		22D007281BB5C20D00089B1D /* Frameworks */ = {
			isa = PBXFrameworksBuildPhase;
			buildActionMask = 2147483647;
			files = (
			);
			runOnlyForDeploymentPostprocessing = 0;
		};
/* End PBXFrameworksBuildPhase section */

/* Begin PBXGroup section */
		22D007221BB5C20C00089B1D = {
			isa = PBXGroup;
			children = (
				22D0072D1BB5C20D00089B1D /* 2DRectangularHeatConduction */,
				22D0072C1BB5C20D00089B1D /* Products */,
			);
			sourceTree = "<group>";
		};
		22D0072C1BB5C20D00089B1D /* Products */ = {
			isa = PBXGroup;
			children = (
				22D0072B1BB5C20D00089B1D /* 2DRectangularHeatConduction.app */,
			);
			name = Products;
			sourceTree = "<group>";
		};
		22D0072D1BB5C20D00089B1D /* 2DRectangularHeatConduction */ = {
			isa = PBXGroup;
			children = (
				22D0072E1BB5C20D00089B1D /* AppDelegate.swift */,
				22D007321BB5C20E00089B1D /* Main.storyboard */,
				22D007301BB5C20D00089B1D /* ViewController.swift */,
				22BC17BE1BB855BC0029F23F /* ProfileCell.swift */,
				22D007401BB5C92A00089B1D /* Area.swift */,
				22D007351BB5C20E00089B1D /* Assets.xcassets */,
				22D007371BB5C20E00089B1D /* LaunchScreen.storyboard */,
				22D0073A1BB5C20E00089B1D /* Info.plist */,
			);
			path = 2DRectangularHeatConduction;
			sourceTree = "<group>";
		};
/* End PBXGroup section */

/* Begin PBXNativeTarget section */
		22D0072A1BB5C20D00089B1D /* 2DRectangularHeatConduction */ = {
			isa = PBXNativeTarget;
			buildConfigurationList = 22D0073D1BB5C20E00089B1D /* Build configuration list for PBXNativeTarget "2DRectangularHeatConduction" */;
			buildPhases = (
				22D007271BB5C20D00089B1D /* Sources */,
				22D007281BB5C20D00089B1D /* Frameworks */,
				22D007291BB5C20D00089B1D /* Resources */,
			);
			buildRules = (
			);
			dependencies = (
			);
			name = 2DRectangularHeatConduction;
			productName = 2DRectangularHeatConduction;
			productReference = 22D0072B1BB5C20D00089B1D /* 2DRectangularHeatConduction.app */;
			productType = "com.apple.product-type.application";
		};
/* End PBXNativeTarget section */

/* Begin PBXProject section */
		22D007231BB5C20D00089B1D /* Project object */ = {
			isa = PBXProject;
			attributes = {
				LastUpgradeCheck = 0700;
				ORGANIZATIONNAME = "Allan Jones";
				TargetAttributes = {
					22D0072A1BB5C20D00089B1D = {
						CreatedOnToolsVersion = 7.0;
					};
				};
			};
			buildConfigurationList = 22D007261BB5C20D00089B1D /* Build configuration list for PBXProject "2DRectangularHeatConduction" */;
			compatibilityVersion = "Xcode 3.2";
			developmentRegion = English;
			hasScannedForEncodings = 0;
			knownRegions = (
				en,
				Base,
			);
			mainGroup = 22D007221BB5C20C00089B1D;
			productRefGroup = 22D0072C1BB5C20D00089B1D /* Products */;
			projectDirPath = "";
			projectRoot = "";
			targets = (
				22D0072A1BB5C20D00089B1D /* 2DRectangularHeatConduction */,
			);
		};
/* End PBXProject section */

/* Begin PBXResourcesBuildPhase section */
		22D007291BB5C20D00089B1D /* Resources */ = {
			isa = PBXResourcesBuildPhase;
			buildActionMask = 2147483647;
			files = (
				22D007391BB5C20E00089B1D /* LaunchScreen.storyboard in Resources */,
				22D007361BB5C20E00089B1D /* Assets.xcassets in Resources */,
				22D007341BB5C20E00089B1D /* Main.storyboard in Resources */,
			);
			runOnlyForDeploymentPostprocessing = 0;
		};
/* End PBXResourcesBuildPhase section */

/* Begin PBXSourcesBuildPhase section */
		22D007271BB5C20D00089B1D /* Sources */ = {
			isa = PBXSourcesBuildPhase;
			buildActionMask = 2147483647;
			files = (
				22D007311BB5C20D00089B1D /* ViewController.swift in Sources */,
				22BC17BF1BB855BC0029F23F /* ProfileCell.swift in Sources */,
				22D007411BB5C92A00089B1D /* Area.swift in Sources */,
				22D0072F1BB5C20D00089B1D /* AppDelegate.swift in Sources */,
			);
			runOnlyForDeploymentPostprocessing = 0;
		};
/* End PBXSourcesBuildPhase section */

/* Begin PBXVariantGroup section */
		22D007321BB5C20E00089B1D /* Main.storyboard */ = {
			isa = PBXVariantGroup;
			children = (
				22D007331BB5C20E00089B1D /* Base */,
			);
			name = Main.storyboard;
			sourceTree = "<group>";
		};
		22D007371BB5C20E00089B1D /* LaunchScreen.storyboard */ = {
			isa = PBXVariantGroup;
			children = (
				22D007381BB5C20E00089B1D /* Base */,
			);
			name = LaunchScreen.storyboard;
			sourceTree = "<group>";
		};
/* End PBXVariantGroup section */

/* Begin XCBuildConfiguration section */
		22D0073B1BB5C20E00089B1D /* Debug */ = {
			isa = XCBuildConfiguration;
			buildSettings = {
				ALWAYS_SEARCH_USER_PATHS = NO;
				CLANG_CXX_LANGUAGE_STANDARD = "gnu++0x";
				CLANG_CXX_LIBRARY = "libc++";
				CLANG_ENABLE_MODULES = YES;
				CLANG_ENABLE_OBJC_ARC = YES;
				CLANG_WARN_BOOL_CONVERSION = YES;
				CLANG_WARN_CONSTANT_CONVERSION = YES;
				CLANG_WARN_DIRECT_OBJC_ISA_USAGE = YES_ERROR;
				CLANG_WARN_EMPTY_BODY = YES;
				CLANG_WARN_ENUM_CONVERSION = YES;
				CLANG_WARN_INT_CONVERSION = YES;
				CLANG_WARN_OBJC_ROOT_CLASS = YES_ERROR;
				CLANG_WARN_UNREACHABLE_CODE = YES;
				CLANG_WARN__DUPLICATE_METHOD_MATCH = YES;
				"CODE_SIGN_IDENTITY[sdk=iphoneos*]" = "iPhone Developer";
				COPY_PHASE_STRIP = NO;
				DEBUG_INFORMATION_FORMAT = dwarf;
				ENABLE_STRICT_OBJC_MSGSEND = YES;
				ENABLE_TESTABILITY = YES;
				GCC_C_LANGUAGE_STANDARD = gnu99;
				GCC_DYNAMIC_NO_PIC = NO;
				GCC_NO_COMMON_BLOCKS = YES;
				GCC_OPTIMIZATION_LEVEL = 0;
				GCC_PREPROCESSOR_DEFINITIONS = (
					"DEBUG=1",
					"$(inherited)",
				);
				GCC_WARN_64_TO_32_BIT_CONVERSION = YES;
				GCC_WARN_ABOUT_RETURN_TYPE = YES_ERROR;
				GCC_WARN_UNDECLARED_SELECTOR = YES;
				GCC_WARN_UNINITIALIZED_AUTOS = YES_AGGRESSIVE;
				GCC_WARN_UNUSED_FUNCTION = YES;
				GCC_WARN_UNUSED_VARIABLE = YES;
				IPHONEOS_DEPLOYMENT_TARGET = 9.0;
				MTL_ENABLE_DEBUG_INFO = YES;
				ONLY_ACTIVE_ARCH = YES;
				SDKROOT = iphoneos;
				SWIFT_OPTIMIZATION_LEVEL = "-Onone";
				TARGETED_DEVICE_FAMILY = "1,2";
			};
			name = Debug;
		};
		22D0073C1BB5C20E00089B1D /* Release */ = {
			isa = XCBuildConfiguration;
			buildSettings = {
				ALWAYS_SEARCH_USER_PATHS = NO;
				CLANG_CXX_LANGUAGE_STANDARD = "gnu++0x";
				CLANG_CXX_LIBRARY = "libc++";
				CLANG_ENABLE_MODULES = YES;
				CLANG_ENABLE_OBJC_ARC = YES;
				CLANG_WARN_BOOL_CONVERSION = YES;
				CLANG_WARN_CONSTANT_CONVERSION = YES;
				CLANG_WARN_DIRECT_OBJC_ISA_USAGE = YES_ERROR;
				CLANG_WARN_EMPTY_BODY = YES;
				CLANG_WARN_ENUM_CONVERSION = YES;
				CLANG_WARN_INT_CONVERSION = YES;
				CLANG_WARN_OBJC_ROOT_CLASS = YES_ERROR;
				CLANG_WARN_UNREACHABLE_CODE = YES;
				CLANG_WARN__DUPLICATE_METHOD_MATCH = YES;
				"CODE_SIGN_IDENTITY[sdk=iphoneos*]" = "iPhone Developer";
				COPY_PHASE_STRIP = NO;
				DEBUG_INFORMATION_FORMAT = "dwarf-with-dsym";
				ENABLE_NS_ASSERTIONS = NO;
				ENABLE_STRICT_OBJC_MSGSEND = YES;
				GCC_C_LANGUAGE_STANDARD = gnu99;
				GCC_NO_COMMON_BLOCKS = YES;
				GCC_WARN_64_TO_32_BIT_CONVERSION = YES;
				GCC_WARN_ABOUT_RETURN_TYPE = YES_ERROR;
				GCC_WARN_UNDECLARED_SELECTOR = YES;
				GCC_WARN_UNINITIALIZED_AUTOS = YES_AGGRESSIVE;
				GCC_WARN_UNUSED_FUNCTION = YES;
				GCC_WARN_UNUSED_VARIABLE = YES;
				IPHONEOS_DEPLOYMENT_TARGET = 9.0;
				MTL_ENABLE_DEBUG_INFO = NO;
				SDKROOT = iphoneos;
				TARGETED_DEVICE_FAMILY = "1,2";
				VALIDATE_PRODUCT = YES;
			};
			name = Release;
		};
		22D0073E1BB5C20E00089B1D /* Debug */ = {
			isa = XCBuildConfiguration;
			buildSettings = {
				ASSETCATALOG_COMPILER_APPICON_NAME = AppIcon;
				INFOPLIST_FILE = 2DRectangularHeatConduction/Info.plist;
				LD_RUNPATH_SEARCH_PATHS = "$(inherited) @executable_path/Frameworks";
				PRODUCT_BUNDLE_IDENTIFIER = "self.-DRectangularHeatConduction";
				PRODUCT_NAME = "$(TARGET_NAME)";
			};
			name = Debug;
		};
		22D0073F1BB5C20E00089B1D /* Release */ = {
			isa = XCBuildConfiguration;
			buildSettings = {
				ASSETCATALOG_COMPILER_APPICON_NAME = AppIcon;
				INFOPLIST_FILE = 2DRectangularHeatConduction/Info.plist;
				LD_RUNPATH_SEARCH_PATHS = "$(inherited) @executable_path/Frameworks";
				PRODUCT_BUNDLE_IDENTIFIER = "self.-DRectangularHeatConduction";
				PRODUCT_NAME = "$(TARGET_NAME)";
			};
			name = Release;
		};
/* End XCBuildConfiguration section */

/* Begin XCConfigurationList section */
		22D007261BB5C20D00089B1D /* Build configuration list for PBXProject "2DRectangularHeatConduction" */ = {
			isa = XCConfigurationList;
			buildConfigurations = (
				22D0073B1BB5C20E00089B1D /* Debug */,
				22D0073C1BB5C20E00089B1D /* Release */,
			);
			defaultConfigurationIsVisible = 0;
			defaultConfigurationName = Release;
		};
		22D0073D1BB5C20E00089B1D /* Build configuration list for PBXNativeTarget "2DRectangularHeatConduction" */ = {
			isa = XCConfigurationList;
			buildConfigurations = (
				22D0073E1BB5C20E00089B1D /* Debug */,
				22D0073F1BB5C20E00089B1D /* Release */,
			);
			defaultConfigurationIsVisible = 0;
			defaultConfigurationName = Release;
		};
/* End XCConfigurationList section */
	};
	rootObject = 22D007231BB5C20D00089B1D /* Project object */;
}
